Microsoft Visual Studio Solution File, Format Version 11.00
# Visual Studio 2008

Project("{1EACD162-A751-FC30-9E61-0760FEC1D9A9}") = "ChemiTab", "Assembly-CSharp-firstpass.csproj", "{A900C08B-110B-E45F-7D3A-F15151EC4E24}"
EndProject
Project("{1EACD162-A751-FC30-9E61-0760FEC1D9A9}") = "ChemiTab", "Assembly-CSharp.csproj", "{A21DFCC8-E5D3-5D6E-D227-C6A657A4BC8B}"
EndProject
Project("{1EACD162-A751-FC30-9E61-0760FEC1D9A9}") = "ChemiTab", "Assembly-CSharp-Editor.csproj", "{D8D834E4-92F2-4863-9999-78336D49B997}"
EndProject
Project("{1EACD162-A751-FC30-9E61-0760FEC1D9A9}") = "ChemiTab", "Assembly-UnityScript-firstpass.unityproj", "{B9F2ADA9-CFF7-1AB7-E46E-309CAD11A2C3}"
EndProject
Project("{1EACD162-A751-FC30-9E61-0760FEC1D9A9}") = "ChemiTab", "Assembly-UnityScript.unityproj", "{7CE902CE-2C89-C46F-D127-3F6FE7063F5D}"
EndProject
Project("{1EACD162-A751-FC30-9E61-0760FEC1D9A9}") = "ChemiTab", "Assembly-UnityScript-Editor.unityproj", "{34863605-1CC4-9E6B-3F2C-F15994521F89}"
EndProject
Global
	GlobalSection(SolutionConfigurationPlatforms) = preSolution
		Debug|Any CPU = Debug|Any CPU
		Release|Any CPU = Release|Any CPU
	EndGlobalSection
	GlobalSection(ProjectConfigurationPlatforms) = postSolution
		{A900C08B-110B-E45F-7D3A-F15151EC4E24}.Debug|Any CPU.ActiveCfg = Debug|Any CPU
		{A900C08B-110B-E45F-7D3A-F15151EC4E24}.Debug|Any CPU.Build.0 = Debug|Any CPU
		{A900C08B-110B-E45F-7D3A-F15151EC4E24}.Release|Any CPU.ActiveCfg = Release|Any CPU
		{A900C08B-110B-E45F-7D3A-F15151EC4E24}.Release|Any CPU.Build.0 = Release|Any CPU
		{A21DFCC8-E5D3-5D6E-D227-C6A657A4BC8B}.Debug|Any CPU.ActiveCfg = Debug|Any CPU
		{A21DFCC8-E5D3-5D6E-D227-C6A657A4BC8B}.Debug|Any CPU.Build.0 = Debug|Any CPU
		{A21DFCC8-E5D3-5D6E-D227-C6A657A4BC8B}.Release|Any CPU.ActiveCfg = Release|Any CPU
		{A21DFCC8-E5D3-5D6E-D227-C6A657A4BC8B}.Release|Any CPU.Build.0 = Release|Any CPU
		{D8D834E4-92F2-4863-9999-78336D49B997}.Debug|Any CPU.ActiveCfg = Debug|Any CPU
		{D8D834E4-92F2-4863-9999-78336D49B997}.Debug|Any CPU.Build.0 = Debug|Any CPU
		{D8D834E4-92F2-4863-9999-78336D49B997}.Release|Any CPU.ActiveCfg = Release|Any CPU
		{D8D834E4-92F2-4863-9999-78336D49B997}.Release|Any CPU.Build.0 = Release|Any CPU
		{B9F2ADA9-CFF7-1AB7-E46E-309CAD11A2C3}.Debug|Any CPU.ActiveCfg = Debug|Any CPU
		{B9F2ADA9-CFF7-1AB7-E46E-309CAD11A2C3}.Debug|Any CPU.Build.0 = Debug|Any CPU
		{B9F2ADA9-CFF7-1AB7-E46E-309CAD11A2C3}.Release|Any CPU.ActiveCfg = Release|Any CPU
		{B9F2ADA9-CFF7-1AB7-E46E-309CAD11A2C3}.Release|Any CPU.Build.0 = Release|Any CPU
		{7CE902CE-2C89-C46F-D127-3F6FE7063F5D}.Debug|Any CPU.ActiveCfg = Debug|Any CPU
		{7CE902CE-2C89-C46F-D127-3F6FE7063F5D}.Debug|Any CPU.Build.0 = Debug|Any CPU
		{7CE902CE-2C89-C46F-D127-3F6FE7063F5D}.Release|Any CPU.ActiveCfg = Release|Any CPU
		{7CE902CE-2C89-C46F-D127-3F6FE7063F5D}.Release|Any CPU.Build.0 = Release|Any CPU
		{34863605-1CC4-9E6B-3F2C-F15994521F89}.Debug|Any CPU.ActiveCfg = Debug|Any CPU
		{34863605-1CC4-9E6B-3F2C-F15994521F89}.Debug|Any CPU.Build.0 = Debug|Any CPU
		{34863605-1CC4-9E6B-3F2C-F15994521F89}.Release|Any CPU.ActiveCfg = Release|Any CPU
		{34863605-1CC4-9E6B-3F2C-F15994521F89}.Release|Any CPU.Build.0 = Release|Any CPU
	EndGlobalSection
	GlobalSection(SolutionProperties) = preSolution
		HideSolutionNode = FALSE
	EndGlobalSection
																																							GlobalSection(MonoDevelopProperties) = preSolution
		StartupItem = Assembly-CSharp.csproj
		Policies = $0
		$0.TextStylePolicy = $1
		$1.inheritsSet = null
		$1.scope = text/x-csharp
		$0.CSharpFormattingPolicy = $2
		$2.inheritsSet = Mono
		$2.inheritsScope = text/x-csharp
		$2.scope = text/x-csharp
		$0.TextStylePolicy = $3
		$3.FileWidth = 120
		$3.TabWidth = 4
		$3.EolMarker = Unix
		$3.inheritsSet = Mono
		$3.inheritsScope = text/plain
		$3.scope = text/plain
	EndGlobalSection

EndGlobal
